// !$*UTF8*$!
{
	archiveVersion = 1;
	classes = {
	};
	objectVersion = 46;
	objects = {

/* Begin PBXBuildFile section */
		080399469B2DBEA6F0789E6D /* libPods-GSDemo.a in Frameworks */ = {isa = PBXBuildFile; fileRef = BD01B4A59AB3761414068C5E /* libPods-GSDemo.a */; };
		A402A0701B4BC22400129605 /* DJIRootViewController.m in Sources */ = {isa = PBXBuildFile; fileRef = A402A06F1B4BC22400129605 /* DJIRootViewController.m */; };
		A402A0741B4BC43800129605 /* DJIMapController.m in Sources */ = {isa = PBXBuildFile; fileRef = A402A0721B4BC43800129605 /* DJIMapController.m */; };
		A402A07A1B4BDAE400129605 /* DJIAircraftAnnotation.m in Sources */ = {isa = PBXBuildFile; fileRef = A402A0771B4BDAE400129605 /* DJIAircraftAnnotation.m */; };
		A402A07B1B4BDAE400129605 /* DJIAircraftAnnotationView.m in Sources */ = {isa = PBXBuildFile; fileRef = A402A0791B4BDAE400129605 /* DJIAircraftAnnotationView.m */; };
		A4507F291CB506D40037861C /* DJIGSButtonViewController.m in Sources */ = {isa = PBXBuildFile; fileRef = A4507F241CB506D40037861C /* DJIGSButtonViewController.m */; };
		A4507F2A1CB506D40037861C /* DJIGSButtonViewController.xib in Resources */ = {isa = PBXBuildFile; fileRef = A4507F251CB506D40037861C /* DJIGSButtonViewController.xib */; };
		A4507F2B1CB506D40037861C /* DJIWaypointConfigViewController.m in Sources */ = {isa = PBXBuildFile; fileRef = A4507F271CB506D40037861C /* DJIWaypointConfigViewController.m */; };
		A4507F2C1CB506D40037861C /* DJIWaypointConfigViewController.xib in Resources */ = {isa = PBXBuildFile; fileRef = A4507F281CB506D40037861C /* DJIWaypointConfigViewController.xib */; };
		A4507F301CB506F20037861C /* DemoUtility.m in Sources */ = {isa = PBXBuildFile; fileRef = A4507F2F1CB506F20037861C /* DemoUtility.m */; };
		A4E86B781B4A374300F204DA /* main.m in Sources */ = {isa = PBXBuildFile; fileRef = A4E86B771B4A374300F204DA /* main.m */; };
		A4E86B7B1B4A374300F204DA /* AppDelegate.m in Sources */ = {isa = PBXBuildFile; fileRef = A4E86B7A1B4A374300F204DA /* AppDelegate.m */; };
		A4E86B811B4A374300F204DA /* Main.storyboard in Resources */ = {isa = PBXBuildFile; fileRef = A4E86B7F1B4A374300F204DA /* Main.storyboard */; };
		A4E86B831B4A374300F204DA /* Images.xcassets in Resources */ = {isa = PBXBuildFile; fileRef = A4E86B821B4A374300F204DA /* Images.xcassets */; };
		A4E86B861B4A374300F204DA /* LaunchScreen.xib in Resources */ = {isa = PBXBuildFile; fileRef = A4E86B841B4A374300F204DA /* LaunchScreen.xib */; };
		A4F9574C1B4ADD570017733D /* MapKit.framework in Frameworks */ = {isa = PBXBuildFile; fileRef = A4F9574B1B4ADD570017733D /* MapKit.framework */; };
/* End PBXBuildFile section */

/* Begin PBXFileReference section */
		0203E5861C9C0B5F00A69BCF /* GSDemo-pch.pch */ = {isa = PBXFileReference; fileEncoding = 4; lastKnownFileType = sourcecode.c.h; path = "GSDemo-pch.pch"; sourceTree = "<group>"; };
		5B0CAE4A21C1AEFA08AF5AD5 /* Pods-GSDemo.release.xcconfig */ = {isa = PBXFileReference; includeInIndex = 1; lastKnownFileType = text.xcconfig; name = "Pods-GSDemo.release.xcconfig"; path = "Pods/Target Support Files/Pods-GSDemo/Pods-GSDemo.release.xcconfig"; sourceTree = "<group>"; };
		A402A06E1B4BC22400129605 /* DJIRootViewController.h */ = {isa = PBXFileReference; fileEncoding = 4; lastKnownFileType = sourcecode.c.h; path = DJIRootViewController.h; sourceTree = "<group>"; };
		A402A06F1B4BC22400129605 /* DJIRootViewController.m */ = {isa = PBXFileReference; fileEncoding = 4; lastKnownFileType = sourcecode.c.objc; path = DJIRootViewController.m; sourceTree = "<group>"; };
		A402A0711B4BC43800129605 /* DJIMapController.h */ = {isa = PBXFileReference; fileEncoding = 4; lastKnownFileType = sourcecode.c.h; path = DJIMapController.h; sourceTree = "<group>"; };
		A402A0721B4BC43800129605 /* DJIMapController.m */ = {isa = PBXFileReference; fileEncoding = 4; lastKnownFileType = sourcecode.c.objc; path = DJIMapController.m; sourceTree = "<group>"; };
		A402A0761B4BDAE400129605 /* DJIAircraftAnnotation.h */ = {isa = PBXFileReference; fileEncoding = 4; lastKnownFileType = sourcecode.c.h; path = DJIAircraftAnnotation.h; sourceTree = "<group>"; };
		A402A0771B4BDAE400129605 /* DJIAircraftAnnotation.m */ = {isa = PBXFileReference; fileEncoding = 4; lastKnownFileType = sourcecode.c.objc; path = DJIAircraftAnnotation.m; sourceTree = "<group>"; };
		A402A0781B4BDAE400129605 /* DJIAircraftAnnotationView.h */ = {isa = PBXFileReference; fileEncoding = 4; lastKnownFileType = sourcecode.c.h; path = DJIAircraftAnnotationView.h; sourceTree = "<group>"; };
		A402A0791B4BDAE400129605 /* DJIAircraftAnnotationView.m */ = {isa = PBXFileReference; fileEncoding = 4; lastKnownFileType = sourcecode.c.objc; path = DJIAircraftAnnotationView.m; sourceTree = "<group>"; };
		A44305471DA88CF3009C1370 /* GSDemo.entitlements */ = {isa = PBXFileReference; lastKnownFileType = text.plist.entitlements; path = GSDemo.entitlements; sourceTree = "<group>"; };
		A4507F231CB506D40037861C /* DJIGSButtonViewController.h */ = {isa = PBXFileReference; fileEncoding = 4; lastKnownFileType = sourcecode.c.h; path = DJIGSButtonViewController.h; sourceTree = "<group>"; };
		A4507F241CB506D40037861C /* DJIGSButtonViewController.m */ = {isa = PBXFileReference; fileEncoding = 4; lastKnownFileType = sourcecode.c.objc; path = DJIGSButtonViewController.m; sourceTree = "<group>"; };
		A4507F251CB506D40037861C /* DJIGSButtonViewController.xib */ = {isa = PBXFileReference; fileEncoding = 4; lastKnownFileType = file.xib; path = DJIGSButtonViewController.xib; sourceTree = "<group>"; };
		A4507F261CB506D40037861C /* DJIWaypointConfigViewController.h */ = {isa = PBXFileReference; fileEncoding = 4; lastKnownFileType = sourcecode.c.h; path = DJIWaypointConfigViewController.h; sourceTree = "<group>"; };
		A4507F271CB506D40037861C /* DJIWaypointConfigViewController.m */ = {isa = PBXFileReference; fileEncoding = 4; lastKnownFileType = sourcecode.c.objc; path = DJIWaypointConfigViewController.m; sourceTree = "<group>"; };
		A4507F281CB506D40037861C /* DJIWaypointConfigViewController.xib */ = {isa = PBXFileReference; fileEncoding = 4; lastKnownFileType = file.xib; path = DJIWaypointConfigViewController.xib; sourceTree = "<group>"; };
		A4507F2E1CB506F20037861C /* DemoUtility.h */ = {isa = PBXFileReference; fileEncoding = 4; lastKnownFileType = sourcecode.c.h; path = DemoUtility.h; sourceTree = "<group>"; };
		A4507F2F1CB506F20037861C /* DemoUtility.m */ = {isa = PBXFileReference; fileEncoding = 4; lastKnownFileType = sourcecode.c.objc; path = DemoUtility.m; sourceTree = "<group>"; };
		A4E86B721B4A374300F204DA /* GSDemo.app */ = {isa = PBXFileReference; explicitFileType = wrapper.application; includeInIndex = 0; path = GSDemo.app; sourceTree = BUILT_PRODUCTS_DIR; };
		A4E86B761B4A374300F204DA /* Info.plist */ = {isa = PBXFileReference; lastKnownFileType = text.plist.xml; path = Info.plist; sourceTree = "<group>"; };
		A4E86B771B4A374300F204DA /* main.m */ = {isa = PBXFileReference; lastKnownFileType = sourcecode.c.objc; path = main.m; sourceTree = "<group>"; };
		A4E86B791B4A374300F204DA /* AppDelegate.h */ = {isa = PBXFileReference; lastKnownFileType = sourcecode.c.h; path = AppDelegate.h; sourceTree = "<group>"; };
		A4E86B7A1B4A374300F204DA /* AppDelegate.m */ = {isa = PBXFileReference; lastKnownFileType = sourcecode.c.objc; path = AppDelegate.m; sourceTree = "<group>"; };
		A4E86B801B4A374300F204DA /* Base */ = {isa = PBXFileReference; lastKnownFileType = file.storyboard; name = Base; path = Base.lproj/Main.storyboard; sourceTree = "<group>"; };
		A4E86B821B4A374300F204DA /* Images.xcassets */ = {isa = PBXFileReference; lastKnownFileType = folder.assetcatalog; path = Images.xcassets; sourceTree = "<group>"; };
		A4E86B851B4A374300F204DA /* Base */ = {isa = PBXFileReference; lastKnownFileType = file.xib; name = Base; path = Base.lproj/LaunchScreen.xib; sourceTree = "<group>"; };
		A4E86B901B4A374300F204DA /* Info.plist */ = {isa = PBXFileReference; lastKnownFileType = text.plist.xml; path = Info.plist; sourceTree = "<group>"; };
		A4E86B911B4A374300F204DA /* GSDemoTests.m */ = {isa = PBXFileReference; lastKnownFileType = sourcecode.c.objc; path = GSDemoTests.m; sourceTree = "<group>"; };
		A4F9574B1B4ADD570017733D /* MapKit.framework */ = {isa = PBXFileReference; lastKnownFileType = wrapper.framework; name = MapKit.framework; path = System/Library/Frameworks/MapKit.framework; sourceTree = SDKROOT; };
		BD01B4A59AB3761414068C5E /* libPods-GSDemo.a */ = {isa = PBXFileReference; explicitFileType = archive.ar; includeInIndex = 0; path = "libPods-GSDemo.a"; sourceTree = BUILT_PRODUCTS_DIR; };
		D28B91E9DC596A93C22AC0F1 /* Pods-GSDemo.debug.xcconfig */ = {isa = PBXFileReference; includeInIndex = 1; lastKnownFileType = text.xcconfig; name = "Pods-GSDemo.debug.xcconfig"; path = "Pods/Target Support Files/Pods-GSDemo/Pods-GSDemo.debug.xcconfig"; sourceTree = "<group>"; };
/* End PBXFileReference section */

/* Begin PBXFrameworksBuildPhase section */
		A4E86B6F1B4A374300F204DA /* Frameworks */ = {
			isa = PBXFrameworksBuildPhase;
			buildActionMask = 2147483647;
			files = (
				A4F9574C1B4ADD570017733D /* MapKit.framework in Frameworks */,
				080399469B2DBEA6F0789E6D /* libPods-GSDemo.a in Frameworks */,
			);
			runOnlyForDeploymentPostprocessing = 0;
		};
/* End PBXFrameworksBuildPhase section */

/* Begin PBXGroup section */
		45EC2DD14ECB83295E2E51A5 /* Pods */ = {
			isa = PBXGroup;
			children = (
				D28B91E9DC596A93C22AC0F1 /* Pods-GSDemo.debug.xcconfig */,
				5B0CAE4A21C1AEFA08AF5AD5 /* Pods-GSDemo.release.xcconfig */,
			);
			name = Pods;
			sourceTree = "<group>";
		};
		A4507F2D1CB506F20037861C /* DemoUtility */ = {
			isa = PBXGroup;
			children = (
				A4507F2E1CB506F20037861C /* DemoUtility.h */,
				A4507F2F1CB506F20037861C /* DemoUtility.m */,
			);
			path = DemoUtility;
			sourceTree = "<group>";
		};
		A4E86B691B4A374300F204DA = {
			isa = PBXGroup;
			children = (
				A4E86B741B4A374300F204DA /* GSDemo */,
				A4E86B9B1B4A56C600F204DA /* Frameworks */,
				A4E86B8E1B4A374300F204DA /* GSDemoTests */,
				A4E86B731B4A374300F204DA /* Products */,
				45EC2DD14ECB83295E2E51A5 /* Pods */,
			);
			sourceTree = "<group>";
		};
		A4E86B731B4A374300F204DA /* Products */ = {
			isa = PBXGroup;
			children = (
				A4E86B721B4A374300F204DA /* GSDemo.app */,
			);
			name = Products;
			sourceTree = "<group>";
		};
		A4E86B741B4A374300F204DA /* GSDemo */ = {
			isa = PBXGroup;
			children = (
				A44305471DA88CF3009C1370 /* GSDemo.entitlements */,
				A402A06E1B4BC22400129605 /* DJIRootViewController.h */,
				A402A06F1B4BC22400129605 /* DJIRootViewController.m */,
				A4E86B791B4A374300F204DA /* AppDelegate.h */,
				A4E86B7A1B4A374300F204DA /* AppDelegate.m */,
				A402A0761B4BDAE400129605 /* DJIAircraftAnnotation.h */,
				A402A0771B4BDAE400129605 /* DJIAircraftAnnotation.m */,
				A402A0781B4BDAE400129605 /* DJIAircraftAnnotationView.h */,
				A402A0791B4BDAE400129605 /* DJIAircraftAnnotationView.m */,
				A402A0711B4BC43800129605 /* DJIMapController.h */,
				A402A0721B4BC43800129605 /* DJIMapController.m */,
				A4507F231CB506D40037861C /* DJIGSButtonViewController.h */,
				A4507F241CB506D40037861C /* DJIGSButtonViewController.m */,
				A4507F251CB506D40037861C /* DJIGSButtonViewController.xib */,
				A4507F261CB506D40037861C /* DJIWaypointConfigViewController.h */,
				A4507F271CB506D40037861C /* DJIWaypointConfigViewController.m */,
				A4507F281CB506D40037861C /* DJIWaypointConfigViewController.xib */,
				A4E86B7F1B4A374300F204DA /* Main.storyboard */,
				A4E86B821B4A374300F204DA /* Images.xcassets */,
				A4E86B841B4A374300F204DA /* LaunchScreen.xib */,
				A4507F2D1CB506F20037861C /* DemoUtility */,
				A4E86B751B4A374300F204DA /* Supporting Files */,
			);
			path = GSDemo;
			sourceTree = "<group>";
		};
		A4E86B751B4A374300F204DA /* Supporting Files */ = {
			isa = PBXGroup;
			children = (
				0203E5861C9C0B5F00A69BCF /* GSDemo-pch.pch */,
				A4E86B761B4A374300F204DA /* Info.plist */,
				A4E86B771B4A374300F204DA /* main.m */,
			);
			name = "Supporting Files";
			sourceTree = "<group>";
		};
		A4E86B8E1B4A374300F204DA /* GSDemoTests */ = {
			isa = PBXGroup;
			children = (
				A4E86B911B4A374300F204DA /* GSDemoTests.m */,
				A4E86B8F1B4A374300F204DA /* Supporting Files */,
			);
			path = GSDemoTests;
			sourceTree = "<group>";
		};
		A4E86B8F1B4A374300F204DA /* Supporting Files */ = {
			isa = PBXGroup;
			children = (
				A4E86B901B4A374300F204DA /* Info.plist */,
			);
			name = "Supporting Files";
			sourceTree = "<group>";
		};
		A4E86B9B1B4A56C600F204DA /* Frameworks */ = {
			isa = PBXGroup;
			children = (
				A4F9574B1B4ADD570017733D /* MapKit.framework */,
				BD01B4A59AB3761414068C5E /* libPods-GSDemo.a */,
			);
			name = Frameworks;
			path = GSDemo;
			sourceTree = "<group>";
		};
/* End PBXGroup section */

/* Begin PBXNativeTarget section */
		A4E86B711B4A374300F204DA /* GSDemo */ = {
			isa = PBXNativeTarget;
			buildConfigurationList = A4E86B951B4A374300F204DA /* Build configuration list for PBXNativeTarget "GSDemo" */;
			buildPhases = (
				7C397C450D07EB3410E544D4 /* [CP] Check Pods Manifest.lock */,
				A4E86B6E1B4A374300F204DA /* Sources */,
				A4E86B6F1B4A374300F204DA /* Frameworks */,
				A4E86B701B4A374300F204DA /* Resources */,
				77FBCBEDAFAB5EF6E97903FA /* [CP] Embed Pods Frameworks */,
				6EE988EA46BB0D1D54711519 /* [CP] Copy Pods Resources */,
			);
			buildRules = (
			);
			dependencies = (
			);
			name = GSDemo;
			productName = GSDemo;
			productReference = A4E86B721B4A374300F204DA /* GSDemo.app */;
			productType = "com.apple.product-type.application";
		};
/* End PBXNativeTarget section */

/* Begin PBXProject section */
		A4E86B6A1B4A374300F204DA /* Project object */ = {
			isa = PBXProject;
			attributes = {
				LastUpgradeCheck = 0630;
				ORGANIZATIONNAME = DJI;
				TargetAttributes = {
					A4E86B711B4A374300F204DA = {
						CreatedOnToolsVersion = 6.3;
						DevelopmentTeam = 7UL3LRJL93;
						SystemCapabilities = {
							com.apple.DataProtection = {
								enabled = 1;
							};
						};
					};
				};
			};
			buildConfigurationList = A4E86B6D1B4A374300F204DA /* Build configuration list for PBXProject "GSDemo" */;
			compatibilityVersion = "Xcode 3.2";
			developmentRegion = English;
			hasScannedForEncodings = 0;
			knownRegions = (
				en,
				Base,
			);
			mainGroup = A4E86B691B4A374300F204DA;
			productRefGroup = A4E86B731B4A374300F204DA /* Products */;
			projectDirPath = "";
			projectRoot = "";
			targets = (
				A4E86B711B4A374300F204DA /* GSDemo */,
			);
		};
/* End PBXProject section */

/* Begin PBXResourcesBuildPhase section */
		A4E86B701B4A374300F204DA /* Resources */ = {
			isa = PBXResourcesBuildPhase;
			buildActionMask = 2147483647;
			files = (
				A4E86B811B4A374300F204DA /* Main.storyboard in Resources */,
				A4507F2C1CB506D40037861C /* DJIWaypointConfigViewController.xib in Resources */,
				A4E86B861B4A374300F204DA /* LaunchScreen.xib in Resources */,
				A4507F2A1CB506D40037861C /* DJIGSButtonViewController.xib in Resources */,
				A4E86B831B4A374300F204DA /* Images.xcassets in Resources */,
			);
			runOnlyForDeploymentPostprocessing = 0;
		};
/* End PBXResourcesBuildPhase section */

/* Begin PBXShellScriptBuildPhase section */
		6EE988EA46BB0D1D54711519 /* [CP] Copy Pods Resources */ = {
			isa = PBXShellScriptBuildPhase;
			buildActionMask = 2147483647;
			files = (
			);
			inputPaths = (
			);
			name = "[CP] Copy Pods Resources";
			outputPaths = (
			);
			runOnlyForDeploymentPostprocessing = 0;
			shellPath = /bin/sh;
			shellScript = "\"${SRCROOT}/Pods/Target Support Files/Pods-GSDemo/Pods-GSDemo-resources.sh\"\n";
			showEnvVarsInLog = 0;
		};
		77FBCBEDAFAB5EF6E97903FA /* [CP] Embed Pods Frameworks */ = {
			isa = PBXShellScriptBuildPhase;
			buildActionMask = 2147483647;
			files = (
			);
			inputPaths = (
			);
			name = "[CP] Embed Pods Frameworks";
			outputPaths = (
			);
			runOnlyForDeploymentPostprocessing = 0;
			shellPath = /bin/sh;
			shellScript = "\"${SRCROOT}/Pods/Target Support Files/Pods-GSDemo/Pods-GSDemo-frameworks.sh\"\n";
			showEnvVarsInLog = 0;
		};
		7C397C450D07EB3410E544D4 /* [CP] Check Pods Manifest.lock */ = {
			isa = PBXShellScriptBuildPhase;
			buildActionMask = 2147483647;
			files = (
			);
			inputPaths = (
			);
			name = "[CP] Check Pods Manifest.lock";
			outputPaths = (
			);
			runOnlyForDeploymentPostprocessing = 0;
			shellPath = /bin/sh;
			shellScript = "diff \"${PODS_ROOT}/../Podfile.lock\" \"${PODS_ROOT}/Manifest.lock\" > /dev/null\nif [ $? != 0 ] ; then\n    # print error to STDERR\n    echo \"error: The sandbox is not in sync with the Podfile.lock. Run 'pod install' or update your CocoaPods installation.\" >&2\n    exit 1\nfi\n";
			showEnvVarsInLog = 0;
		};
/* End PBXShellScriptBuildPhase section */

/* Begin PBXSourcesBuildPhase section */
		A4E86B6E1B4A374300F204DA /* Sources */ = {
			isa = PBXSourcesBuildPhase;
			buildActionMask = 2147483647;
			files = (
				A4507F301CB506F20037861C /* DemoUtility.m in Sources */,
				A402A07A1B4BDAE400129605 /* DJIAircraftAnnotation.m in Sources */,
				A4507F2B1CB506D40037861C /* DJIWaypointConfigViewController.m in Sources */,
				A402A0701B4BC22400129605 /* DJIRootViewController.m in Sources */,
				A4507F291CB506D40037861C /* DJIGSButtonViewController.m in Sources */,
				A402A0741B4BC43800129605 /* DJIMapController.m in Sources */,
				A402A07B1B4BDAE400129605 /* DJIAircraftAnnotationView.m in Sources */,
				A4E86B7B1B4A374300F204DA /* AppDelegate.m in Sources */,
				A4E86B781B4A374300F204DA /* main.m in Sources */,
			);
			runOnlyForDeploymentPostprocessing = 0;
		};
/* End PBXSourcesBuildPhase section */

/* Begin PBXVariantGroup section */
		A4E86B7F1B4A374300F204DA /* Main.storyboard */ = {
			isa = PBXVariantGroup;
			children = (
				A4E86B801B4A374300F204DA /* Base */,
			);
			name = Main.storyboard;
			sourceTree = "<group>";
		};
		A4E86B841B4A374300F204DA /* LaunchScreen.xib */ = {
			isa = PBXVariantGroup;
			children = (
				A4E86B851B4A374300F204DA /* Base */,
			);
			name = LaunchScreen.xib;
			sourceTree = "<group>";
		};
/* End PBXVariantGroup section */

/* Begin XCBuildConfiguration section */
		A4E86B931B4A374300F204DA /* Debug */ = {
			isa = XCBuildConfiguration;
			buildSettings = {
				ALWAYS_SEARCH_USER_PATHS = NO;
				CLANG_CXX_LANGUAGE_STANDARD = "gnu++0x";
				CLANG_CXX_LIBRARY = "libc++";
				CLANG_ENABLE_MODULES = YES;
				CLANG_ENABLE_OBJC_ARC = YES;
				CLANG_WARN_BOOL_CONVERSION = YES;
				CLANG_WARN_CONSTANT_CONVERSION = YES;
				CLANG_WARN_DIRECT_OBJC_ISA_USAGE = YES_ERROR;
				CLANG_WARN_EMPTY_BODY = YES;
				CLANG_WARN_ENUM_CONVERSION = YES;
				CLANG_WARN_INT_CONVERSION = YES;
				CLANG_WARN_OBJC_ROOT_CLASS = YES_ERROR;
				CLANG_WARN_UNREACHABLE_CODE = YES;
				CLANG_WARN__DUPLICATE_METHOD_MATCH = YES;
				"CODE_SIGN_IDENTITY[sdk=iphoneos*]" = "iPhone Developer";
				COPY_PHASE_STRIP = NO;
				DEBUG_INFORMATION_FORMAT = "dwarf-with-dsym";
				ENABLE_STRICT_OBJC_MSGSEND = YES;
				GCC_C_LANGUAGE_STANDARD = gnu99;
				GCC_DYNAMIC_NO_PIC = NO;
				GCC_NO_COMMON_BLOCKS = YES;
				GCC_OPTIMIZATION_LEVEL = 0;
				GCC_PREPROCESSOR_DEFINITIONS = (
					"DEBUG=1",
					"$(inherited)",
				);
				GCC_SYMBOLS_PRIVATE_EXTERN = NO;
				GCC_WARN_64_TO_32_BIT_CONVERSION = YES;
				GCC_WARN_ABOUT_RETURN_TYPE = YES_ERROR;
				GCC_WARN_UNDECLARED_SELECTOR = YES;
				GCC_WARN_UNINITIALIZED_AUTOS = YES_AGGRESSIVE;
				GCC_WARN_UNUSED_FUNCTION = YES;
				GCC_WARN_UNUSED_VARIABLE = YES;
				IPHONEOS_DEPLOYMENT_TARGET = 8.3;
				MTL_ENABLE_DEBUG_INFO = YES;
				ONLY_ACTIVE_ARCH = YES;
				SDKROOT = iphoneos;
				TARGETED_DEVICE_FAMILY = "1,2";
			};
			name = Debug;
		};
		A4E86B941B4A374300F204DA /* Release */ = {
			isa = XCBuildConfiguration;
			buildSettings = {
				ALWAYS_SEARCH_USER_PATHS = NO;
				CLANG_CXX_LANGUAGE_STANDARD = "gnu++0x";
				CLANG_CXX_LIBRARY = "libc++";
				CLANG_ENABLE_MODULES = YES;
				CLANG_ENABLE_OBJC_ARC = YES;
				CLANG_WARN_BOOL_CONVERSION = YES;
				CLANG_WARN_CONSTANT_CONVERSION = YES;
				CLANG_WARN_DIRECT_OBJC_ISA_USAGE = YES_ERROR;
				CLANG_WARN_EMPTY_BODY = YES;
				CLANG_WARN_ENUM_CONVERSION = YES;
				CLANG_WARN_INT_CONVERSION = YES;
				CLANG_WARN_OBJC_ROOT_CLASS = YES_ERROR;
				CLANG_WARN_UNREACHABLE_CODE = YES;
				CLANG_WARN__DUPLICATE_METHOD_MATCH = YES;
				"CODE_SIGN_IDENTITY[sdk=iphoneos*]" = "iPhone Developer";
				COPY_PHASE_STRIP = NO;
				DEBUG_INFORMATION_FORMAT = "dwarf-with-dsym";
				ENABLE_NS_ASSERTIONS = NO;
				ENABLE_STRICT_OBJC_MSGSEND = YES;
				GCC_C_LANGUAGE_STANDARD = gnu99;
				GCC_NO_COMMON_BLOCKS = YES;
				GCC_WARN_64_TO_32_BIT_CONVERSION = YES;
				GCC_WARN_ABOUT_RETURN_TYPE = YES_ERROR;
				GCC_WARN_UNDECLARED_SELECTOR = YES;
				GCC_WARN_UNINITIALIZED_AUTOS = YES_AGGRESSIVE;
				GCC_WARN_UNUSED_FUNCTION = YES;
				GCC_WARN_UNUSED_VARIABLE = YES;
				IPHONEOS_DEPLOYMENT_TARGET = 8.3;
				MTL_ENABLE_DEBUG_INFO = NO;
				SDKROOT = iphoneos;
				TARGETED_DEVICE_FAMILY = "1,2";
				VALIDATE_PRODUCT = YES;
			};
			name = Release;
		};
		A4E86B961B4A374300F204DA /* Debug */ = {
			isa = XCBuildConfiguration;
			baseConfigurationReference = D28B91E9DC596A93C22AC0F1 /* Pods-GSDemo.debug.xcconfig */;
			buildSettings = {
				ASSETCATALOG_COMPILER_APPICON_NAME = AppIcon;
				CODE_SIGN_ENTITLEMENTS = GSDemo/GSDemo.entitlements;
				DEVELOPMENT_TEAM = 7UL3LRJL93;
				ENABLE_BITCODE = NO;
				FRAMEWORK_SEARCH_PATHS = "$(inherited)";
				GCC_PRECOMPILE_PREFIX_HEADER = YES;
				GCC_PREFIX_HEADER = "GSDemo/GSDemo-pch.pch";
				INFOPLIST_FILE = GSDemo/Info.plist;
				IPHONEOS_DEPLOYMENT_TARGET = 8.0;
				LD_RUNPATH_SEARCH_PATHS = "$(inherited) @executable_path/Frameworks";
				PRODUCT_BUNDLE_IDENTIFIER = com.dji.gsdemo;
				PRODUCT_NAME = "$(TARGET_NAME)";
			};
			name = Debug;
		};
		A4E86B971B4A374300F204DA /* Release */ = {
			isa = XCBuildConfiguration;
			baseConfigurationReference = 5B0CAE4A21C1AEFA08AF5AD5 /* Pods-GSDemo.release.xcconfig */;
			buildSettings = {
				ASSETCATALOG_COMPILER_APPICON_NAME = AppIcon;
				CODE_SIGN_ENTITLEMENTS = GSDemo/GSDemo.entitlements;
				DEVELOPMENT_TEAM = 7UL3LRJL93;
				ENABLE_BITCODE = NO;
				FRAMEWORK_SEARCH_PATHS = "$(inherited)";
				GCC_PRECOMPILE_PREFIX_HEADER = YES;
				GCC_PREFIX_HEADER = "GSDemo/GSDemo-pch.pch";
				INFOPLIST_FILE = GSDemo/Info.plist;
				IPHONEOS_DEPLOYMENT_TARGET = 8.0;
				LD_RUNPATH_SEARCH_PATHS = "$(inherited) @executable_path/Frameworks";
				PRODUCT_BUNDLE_IDENTIFIER = com.dji.gsdemo;
				PRODUCT_NAME = "$(TARGET_NAME)";
			};
			name = Release;
		};
/* End XCBuildConfiguration section */

/* Begin XCConfigurationList section */
		A4E86B6D1B4A374300F204DA /* Build configuration list for PBXProject "GSDemo" */ = {
			isa = XCConfigurationList;
			buildConfigurations = (
				A4E86B931B4A374300F204DA /* Debug */,
				A4E86B941B4A374300F204DA /* Release */,
			);
			defaultConfigurationIsVisible = 0;
			defaultConfigurationName = Release;
		};
		A4E86B951B4A374300F204DA /* Build configuration list for PBXNativeTarget "GSDemo" */ = {
			isa = XCConfigurationList;
			buildConfigurations = (
				A4E86B961B4A374300F204DA /* Debug */,
				A4E86B971B4A374300F204DA /* Release */,
			);
			defaultConfigurationIsVisible = 0;
			defaultConfigurationName = Release;
		};
/* End XCConfigurationList section */
	};
	rootObject = A4E86B6A1B4A374300F204DA /* Project object */;
}
